
Microsoft Visual Studio Solution File, Format Version 12.00
# Visual Studio Version 17
VisualStudioVersion = 17.14.36623.8 d17.14
MinimumVisualStudioVersion = 10.0.40219.1
Project("{FAE04EC0-301F-11D3-BF4B-00C04F79EFBC}") = "LoginWebMySQL", "LoginWebMySQL.csproj", "{C6D9EBB6-0CB6-4E1B-A0B7-C9F876EC5123}"
EndProject
Global
	GlobalSection(SolutionConfigurationPlatforms) = preSolution
		Debug|Any CPU = Debug|Any CPU
		Release|Any CPU = Release|Any CPU
	EndGlobalSection
	GlobalSection(ProjectConfigurationPlatforms) = postSolution
		{C6D9EBB6-0CB6-4E1B-A0B7-C9F876EC5123}.Debug|Any CPU.ActiveCfg = Debug|Any CPU
		{C6D9EBB6-0CB6-4E1B-A0B7-C9F876EC5123}.Debug|Any CPU.Build.0 = Debug|Any CPU
		{C6D9EBB6-0CB6-4E1B-A0B7-C9F876EC5123}.Release|Any CPU.ActiveCfg = Release|Any CPU
		{C6D9EBB6-0CB6-4E1B-A0B7-C9F876EC5123}.Release|Any CPU.Build.0 = Release|Any CPU
	EndGlobalSection
	GlobalSection(SolutionProperties) = preSolution
		HideSolutionNode = FALSE
	EndGlobalSection
	GlobalSection(ExtensibilityGlobals) = postSolution
		SolutionGuid = {BF0CB88D-A6F3-4293-AA31-8C4799F53421}
	EndGlobalSection
EndGlobal
